// !$*UTF8*$!
{
	archiveVersion = 1;
	classes = {
	};
	objectVersion = 46;
	objects = {

/* Begin PBXBuildFile section */
		C20239511F4BCE2A004FEB09 /* FeedViewController.swift in Sources */ = {isa = PBXBuildFile; fileRef = C20239501F4BCE2A004FEB09 /* FeedViewController.swift */; };
		C205538F1F45435800853331 /* User.swift in Sources */ = {isa = PBXBuildFile; fileRef = C205538E1F45435800853331 /* User.swift */; };
		C20553911F45438300853331 /* Post.swift in Sources */ = {isa = PBXBuildFile; fileRef = C20553901F45438300853331 /* Post.swift */; };
		C2276B531F4E6A2500BED0EA /* SelfieCell.swift in Sources */ = {isa = PBXBuildFile; fileRef = C2276B521F4E6A2500BED0EA /* SelfieCell.swift */; };
		C2BE8B091F4291930043A95A /* ProfileViewController.swift in Sources */ = {isa = PBXBuildFile; fileRef = C2BE8B081F4291930043A95A /* ProfileViewController.swift */; };
		C2D1B0901F3BFD04003AE1FA /* AppDelegate.swift in Sources */ = {isa = PBXBuildFile; fileRef = C2D1B08F1F3BFD04003AE1FA /* AppDelegate.swift */; };
		C2D1B0921F3BFD04003AE1FA /* ViewController.swift in Sources */ = {isa = PBXBuildFile; fileRef = C2D1B0911F3BFD04003AE1FA /* ViewController.swift */; };
		C2D1B0951F3BFD04003AE1FA /* Main.storyboard in Resources */ = {isa = PBXBuildFile; fileRef = C2D1B0931F3BFD04003AE1FA /* Main.storyboard */; };
		C2D1B0971F3BFD04003AE1FA /* Assets.xcassets in Resources */ = {isa = PBXBuildFile; fileRef = C2D1B0961F3BFD04003AE1FA /* Assets.xcassets */; };
		C2D1B09A1F3BFD04003AE1FA /* LaunchScreen.storyboard in Resources */ = {isa = PBXBuildFile; fileRef = C2D1B0981F3BFD04003AE1FA /* LaunchScreen.storyboard */; };
		C2D1B0A51F3BFD04003AE1FA /* SelfigramTests.swift in Sources */ = {isa = PBXBuildFile; fileRef = C2D1B0A41F3BFD04003AE1FA /* SelfigramTests.swift */; };
		C2D1B0B01F3BFD04003AE1FA /* SelfigramUITests.swift in Sources */ = {isa = PBXBuildFile; fileRef = C2D1B0AF1F3BFD04003AE1FA /* SelfigramUITests.swift */; };
/* End PBXBuildFile section */

/* Begin PBXContainerItemProxy section */
		C2D1B0A11F3BFD04003AE1FA /* PBXContainerItemProxy */ = {
			isa = PBXContainerItemProxy;
			containerPortal = C2D1B0841F3BFD03003AE1FA /* Project object */;
			proxyType = 1;
			remoteGlobalIDString = C2D1B08B1F3BFD04003AE1FA;
			remoteInfo = Selfigram;
		};
		C2D1B0AC1F3BFD04003AE1FA /* PBXContainerItemProxy */ = {
			isa = PBXContainerItemProxy;
			containerPortal = C2D1B0841F3BFD03003AE1FA /* Project object */;
			proxyType = 1;
			remoteGlobalIDString = C2D1B08B1F3BFD04003AE1FA;
			remoteInfo = Selfigram;
		};
/* End PBXContainerItemProxy section */

/* Begin PBXFileReference section */
		C20239501F4BCE2A004FEB09 /* FeedViewController.swift */ = {isa = PBXFileReference; fileEncoding = 4; lastKnownFileType = sourcecode.swift; path = FeedViewController.swift; sourceTree = "<group>"; };
		C205538E1F45435800853331 /* User.swift */ = {isa = PBXFileReference; fileEncoding = 4; lastKnownFileType = sourcecode.swift; path = User.swift; sourceTree = "<group>"; };
		C20553901F45438300853331 /* Post.swift */ = {isa = PBXFileReference; fileEncoding = 4; lastKnownFileType = sourcecode.swift; path = Post.swift; sourceTree = "<group>"; };
		C2276B521F4E6A2500BED0EA /* SelfieCell.swift */ = {isa = PBXFileReference; fileEncoding = 4; lastKnownFileType = sourcecode.swift; path = SelfieCell.swift; sourceTree = "<group>"; };
		C2BE8B081F4291930043A95A /* ProfileViewController.swift */ = {isa = PBXFileReference; fileEncoding = 4; lastKnownFileType = sourcecode.swift; path = ProfileViewController.swift; sourceTree = "<group>"; };
		C2D1B08C1F3BFD04003AE1FA /* Selfigram.app */ = {isa = PBXFileReference; explicitFileType = wrapper.application; includeInIndex = 0; path = Selfigram.app; sourceTree = BUILT_PRODUCTS_DIR; };
		C2D1B08F1F3BFD04003AE1FA /* AppDelegate.swift */ = {isa = PBXFileReference; lastKnownFileType = sourcecode.swift; path = AppDelegate.swift; sourceTree = "<group>"; };
		C2D1B0911F3BFD04003AE1FA /* ViewController.swift */ = {isa = PBXFileReference; lastKnownFileType = sourcecode.swift; path = ViewController.swift; sourceTree = "<group>"; };
		C2D1B0941F3BFD04003AE1FA /* Base */ = {isa = PBXFileReference; lastKnownFileType = file.storyboard; name = Base; path = Base.lproj/Main.storyboard; sourceTree = "<group>"; };
		C2D1B0961F3BFD04003AE1FA /* Assets.xcassets */ = {isa = PBXFileReference; lastKnownFileType = folder.assetcatalog; path = Assets.xcassets; sourceTree = "<group>"; };
		C2D1B0991F3BFD04003AE1FA /* Base */ = {isa = PBXFileReference; lastKnownFileType = file.storyboard; name = Base; path = Base.lproj/LaunchScreen.storyboard; sourceTree = "<group>"; };
		C2D1B09B1F3BFD04003AE1FA /* Info.plist */ = {isa = PBXFileReference; lastKnownFileType = text.plist.xml; path = Info.plist; sourceTree = "<group>"; };
		C2D1B0A01F3BFD04003AE1FA /* SelfigramTests.xctest */ = {isa = PBXFileReference; explicitFileType = wrapper.cfbundle; includeInIndex = 0; path = SelfigramTests.xctest; sourceTree = BUILT_PRODUCTS_DIR; };
		C2D1B0A41F3BFD04003AE1FA /* SelfigramTests.swift */ = {isa = PBXFileReference; lastKnownFileType = sourcecode.swift; path = SelfigramTests.swift; sourceTree = "<group>"; };
		C2D1B0A61F3BFD04003AE1FA /* Info.plist */ = {isa = PBXFileReference; lastKnownFileType = text.plist.xml; path = Info.plist; sourceTree = "<group>"; };
		C2D1B0AB1F3BFD04003AE1FA /* SelfigramUITests.xctest */ = {isa = PBXFileReference; explicitFileType = wrapper.cfbundle; includeInIndex = 0; path = SelfigramUITests.xctest; sourceTree = BUILT_PRODUCTS_DIR; };
		C2D1B0AF1F3BFD04003AE1FA /* SelfigramUITests.swift */ = {isa = PBXFileReference; lastKnownFileType = sourcecode.swift; path = SelfigramUITests.swift; sourceTree = "<group>"; };
		C2D1B0B11F3BFD04003AE1FA /* Info.plist */ = {isa = PBXFileReference; lastKnownFileType = text.plist.xml; path = Info.plist; sourceTree = "<group>"; };
/* End PBXFileReference section */

/* Begin PBXFrameworksBuildPhase section */
		C2D1B0891F3BFD04003AE1FA /* Frameworks */ = {
			isa = PBXFrameworksBuildPhase;
			buildActionMask = 2147483647;
			files = (
			);
			runOnlyForDeploymentPostprocessing = 0;
		};
		C2D1B09D1F3BFD04003AE1FA /* Frameworks */ = {
			isa = PBXFrameworksBuildPhase;
			buildActionMask = 2147483647;
			files = (
			);
			runOnlyForDeploymentPostprocessing = 0;
		};
		C2D1B0A81F3BFD04003AE1FA /* Frameworks */ = {
			isa = PBXFrameworksBuildPhase;
			buildActionMask = 2147483647;
			files = (
			);
			runOnlyForDeploymentPostprocessing = 0;
		};
/* End PBXFrameworksBuildPhase section */

/* Begin PBXGroup section */
		C2D1B0831F3BFD03003AE1FA = {
			isa = PBXGroup;
			children = (
				C2D1B08E1F3BFD04003AE1FA /* Selfigram */,
				C2D1B0A31F3BFD04003AE1FA /* SelfigramTests */,
				C2D1B0AE1F3BFD04003AE1FA /* SelfigramUITests */,
				C2D1B08D1F3BFD04003AE1FA /* Products */,
			);
			sourceTree = "<group>";
		};
		C2D1B08D1F3BFD04003AE1FA /* Products */ = {
			isa = PBXGroup;
			children = (
				C2D1B08C1F3BFD04003AE1FA /* Selfigram.app */,
				C2D1B0A01F3BFD04003AE1FA /* SelfigramTests.xctest */,
				C2D1B0AB1F3BFD04003AE1FA /* SelfigramUITests.xctest */,
			);
			name = Products;
			sourceTree = "<group>";
		};
		C2D1B08E1F3BFD04003AE1FA /* Selfigram */ = {
			isa = PBXGroup;
			children = (
				C2D1B08F1F3BFD04003AE1FA /* AppDelegate.swift */,
				C2D1B0911F3BFD04003AE1FA /* ViewController.swift */,
				C2D1B0931F3BFD04003AE1FA /* Main.storyboard */,
				C20239501F4BCE2A004FEB09 /* FeedViewController.swift */,
				C2276B521F4E6A2500BED0EA /* SelfieCell.swift */,
				C2BE8B081F4291930043A95A /* ProfileViewController.swift */,
				C2D1B0961F3BFD04003AE1FA /* Assets.xcassets */,
				C2D1B0981F3BFD04003AE1FA /* LaunchScreen.storyboard */,
				C2D1B09B1F3BFD04003AE1FA /* Info.plist */,
				C205538E1F45435800853331 /* User.swift */,
				C20553901F45438300853331 /* Post.swift */,
			);
			path = Selfigram;
			sourceTree = "<group>";
		};
		C2D1B0A31F3BFD04003AE1FA /* SelfigramTests */ = {
			isa = PBXGroup;
			children = (
				C2D1B0A41F3BFD04003AE1FA /* SelfigramTests.swift */,
				C2D1B0A61F3BFD04003AE1FA /* Info.plist */,
			);
			path = SelfigramTests;
			sourceTree = "<group>";
		};
		C2D1B0AE1F3BFD04003AE1FA /* SelfigramUITests */ = {
			isa = PBXGroup;
			children = (
				C2D1B0AF1F3BFD04003AE1FA /* SelfigramUITests.swift */,
				C2D1B0B11F3BFD04003AE1FA /* Info.plist */,
			);
			path = SelfigramUITests;
			sourceTree = "<group>";
		};
/* End PBXGroup section */

/* Begin PBXNativeTarget section */
		C2D1B08B1F3BFD04003AE1FA /* Selfigram */ = {
			isa = PBXNativeTarget;
			buildConfigurationList = C2D1B0B41F3BFD04003AE1FA /* Build configuration list for PBXNativeTarget "Selfigram" */;
			buildPhases = (
				C2D1B0881F3BFD04003AE1FA /* Sources */,
				C2D1B0891F3BFD04003AE1FA /* Frameworks */,
				C2D1B08A1F3BFD04003AE1FA /* Resources */,
			);
			buildRules = (
			);
			dependencies = (
			);
			name = Selfigram;
			productName = Selfigram;
			productReference = C2D1B08C1F3BFD04003AE1FA /* Selfigram.app */;
			productType = "com.apple.product-type.application";
		};
		C2D1B09F1F3BFD04003AE1FA /* SelfigramTests */ = {
			isa = PBXNativeTarget;
			buildConfigurationList = C2D1B0B71F3BFD04003AE1FA /* Build configuration list for PBXNativeTarget "SelfigramTests" */;
			buildPhases = (
				C2D1B09C1F3BFD04003AE1FA /* Sources */,
				C2D1B09D1F3BFD04003AE1FA /* Frameworks */,
				C2D1B09E1F3BFD04003AE1FA /* Resources */,
			);
			buildRules = (
			);
			dependencies = (
				C2D1B0A21F3BFD04003AE1FA /* PBXTargetDependency */,
			);
			name = SelfigramTests;
			productName = SelfigramTests;
			productReference = C2D1B0A01F3BFD04003AE1FA /* SelfigramTests.xctest */;
			productType = "com.apple.product-type.bundle.unit-test";
		};
		C2D1B0AA1F3BFD04003AE1FA /* SelfigramUITests */ = {
			isa = PBXNativeTarget;
			buildConfigurationList = C2D1B0BA1F3BFD04003AE1FA /* Build configuration list for PBXNativeTarget "SelfigramUITests" */;
			buildPhases = (
				C2D1B0A71F3BFD04003AE1FA /* Sources */,
				C2D1B0A81F3BFD04003AE1FA /* Frameworks */,
				C2D1B0A91F3BFD04003AE1FA /* Resources */,
			);
			buildRules = (
			);
			dependencies = (
				C2D1B0AD1F3BFD04003AE1FA /* PBXTargetDependency */,
			);
			name = SelfigramUITests;
			productName = SelfigramUITests;
			productReference = C2D1B0AB1F3BFD04003AE1FA /* SelfigramUITests.xctest */;
			productType = "com.apple.product-type.bundle.ui-testing";
		};
/* End PBXNativeTarget section */

/* Begin PBXProject section */
		C2D1B0841F3BFD03003AE1FA /* Project object */ = {
			isa = PBXProject;
			attributes = {
				LastSwiftUpdateCheck = 0830;
				LastUpgradeCheck = 0830;
				ORGANIZATIONNAME = "Aksh Malik";
				TargetAttributes = {
					C2D1B08B1F3BFD04003AE1FA = {
						CreatedOnToolsVersion = 8.3.3;
						ProvisioningStyle = Automatic;
					};
					C2D1B09F1F3BFD04003AE1FA = {
						CreatedOnToolsVersion = 8.3.3;
						ProvisioningStyle = Automatic;
						TestTargetID = C2D1B08B1F3BFD04003AE1FA;
					};
					C2D1B0AA1F3BFD04003AE1FA = {
						CreatedOnToolsVersion = 8.3.3;
						ProvisioningStyle = Automatic;
						TestTargetID = C2D1B08B1F3BFD04003AE1FA;
					};
				};
			};
			buildConfigurationList = C2D1B0871F3BFD03003AE1FA /* Build configuration list for PBXProject "Selfigram" */;
			compatibilityVersion = "Xcode 3.2";
			developmentRegion = English;
			hasScannedForEncodings = 0;
			knownRegions = (
				en,
				Base,
			);
			mainGroup = C2D1B0831F3BFD03003AE1FA;
			productRefGroup = C2D1B08D1F3BFD04003AE1FA /* Products */;
			projectDirPath = "";
			projectRoot = "";
			targets = (
				C2D1B08B1F3BFD04003AE1FA /* Selfigram */,
				C2D1B09F1F3BFD04003AE1FA /* SelfigramTests */,
				C2D1B0AA1F3BFD04003AE1FA /* SelfigramUITests */,
			);
		};
/* End PBXProject section */

/* Begin PBXResourcesBuildPhase section */
		C2D1B08A1F3BFD04003AE1FA /* Resources */ = {
			isa = PBXResourcesBuildPhase;
			buildActionMask = 2147483647;
			files = (
				C2D1B09A1F3BFD04003AE1FA /* LaunchScreen.storyboard in Resources */,
				C2D1B0971F3BFD04003AE1FA /* Assets.xcassets in Resources */,
				C2D1B0951F3BFD04003AE1FA /* Main.storyboard in Resources */,
			);
			runOnlyForDeploymentPostprocessing = 0;
		};
		C2D1B09E1F3BFD04003AE1FA /* Resources */ = {
			isa = PBXResourcesBuildPhase;
			buildActionMask = 2147483647;
			files = (
			);
			runOnlyForDeploymentPostprocessing = 0;
		};
		C2D1B0A91F3BFD04003AE1FA /* Resources */ = {
			isa = PBXResourcesBuildPhase;
			buildActionMask = 2147483647;
			files = (
			);
			runOnlyForDeploymentPostprocessing = 0;
		};
/* End PBXResourcesBuildPhase section */

/* Begin PBXSourcesBuildPhase section */
		C2D1B0881F3BFD04003AE1FA /* Sources */ = {
			isa = PBXSourcesBuildPhase;
			buildActionMask = 2147483647;
			files = (
				C205538F1F45435800853331 /* User.swift in Sources */,
				C2BE8B091F4291930043A95A /* ProfileViewController.swift in Sources */,
				C2276B531F4E6A2500BED0EA /* SelfieCell.swift in Sources */,
				C2D1B0921F3BFD04003AE1FA /* ViewController.swift in Sources */,
				C2D1B0901F3BFD04003AE1FA /* AppDelegate.swift in Sources */,
				C20239511F4BCE2A004FEB09 /* FeedViewController.swift in Sources */,
				C20553911F45438300853331 /* Post.swift in Sources */,
			);
			runOnlyForDeploymentPostprocessing = 0;
		};
		C2D1B09C1F3BFD04003AE1FA /* Sources */ = {
			isa = PBXSourcesBuildPhase;
			buildActionMask = 2147483647;
			files = (
				C2D1B0A51F3BFD04003AE1FA /* SelfigramTests.swift in Sources */,
			);
			runOnlyForDeploymentPostprocessing = 0;
		};
		C2D1B0A71F3BFD04003AE1FA /* Sources */ = {
			isa = PBXSourcesBuildPhase;
			buildActionMask = 2147483647;
			files = (
				C2D1B0B01F3BFD04003AE1FA /* SelfigramUITests.swift in Sources */,
			);
			runOnlyForDeploymentPostprocessing = 0;
		};
/* End PBXSourcesBuildPhase section */

/* Begin PBXTargetDependency section */
		C2D1B0A21F3BFD04003AE1FA /* PBXTargetDependency */ = {
			isa = PBXTargetDependency;
			target = C2D1B08B1F3BFD04003AE1FA /* Selfigram */;
			targetProxy = C2D1B0A11F3BFD04003AE1FA /* PBXContainerItemProxy */;
		};
		C2D1B0AD1F3BFD04003AE1FA /* PBXTargetDependency */ = {
			isa = PBXTargetDependency;
			target = C2D1B08B1F3BFD04003AE1FA /* Selfigram */;
			targetProxy = C2D1B0AC1F3BFD04003AE1FA /* PBXContainerItemProxy */;
		};
/* End PBXTargetDependency section */

/* Begin PBXVariantGroup section */
		C2D1B0931F3BFD04003AE1FA /* Main.storyboard */ = {
			isa = PBXVariantGroup;
			children = (
				C2D1B0941F3BFD04003AE1FA /* Base */,
			);
			name = Main.storyboard;
			sourceTree = "<group>";
		};
		C2D1B0981F3BFD04003AE1FA /* LaunchScreen.storyboard */ = {
			isa = PBXVariantGroup;
			children = (
				C2D1B0991F3BFD04003AE1FA /* Base */,
			);
			name = LaunchScreen.storyboard;
			sourceTree = "<group>";
		};
/* End PBXVariantGroup section */

/* Begin XCBuildConfiguration section */
		C2D1B0B21F3BFD04003AE1FA /* Debug */ = {
			isa = XCBuildConfiguration;
			buildSettings = {
				ALWAYS_SEARCH_USER_PATHS = NO;
				CLANG_ANALYZER_NONNULL = YES;
				CLANG_ANALYZER_NUMBER_OBJECT_CONVERSION = YES_AGGRESSIVE;
				CLANG_CXX_LANGUAGE_STANDARD = "gnu++0x";
				CLANG_CXX_LIBRARY = "libc++";
				CLANG_ENABLE_MODULES = YES;
				CLANG_ENABLE_OBJC_ARC = YES;
				CLANG_WARN_BOOL_CONVERSION = YES;
				CLANG_WARN_CONSTANT_CONVERSION = YES;
				CLANG_WARN_DIRECT_OBJC_ISA_USAGE = YES_ERROR;
				CLANG_WARN_DOCUMENTATION_COMMENTS = YES;
				CLANG_WARN_EMPTY_BODY = YES;
				CLANG_WARN_ENUM_CONVERSION = YES;
				CLANG_WARN_INFINITE_RECURSION = YES;
				CLANG_WARN_INT_CONVERSION = YES;
				CLANG_WARN_OBJC_ROOT_CLASS = YES_ERROR;
				CLANG_WARN_SUSPICIOUS_MOVE = YES;
				CLANG_WARN_UNREACHABLE_CODE = YES;
				CLANG_WARN__DUPLICATE_METHOD_MATCH = YES;
				"CODE_SIGN_IDENTITY[sdk=iphoneos*]" = "iPhone Developer";
				COPY_PHASE_STRIP = NO;
				DEBUG_INFORMATION_FORMAT = dwarf;
				ENABLE_STRICT_OBJC_MSGSEND = YES;
				ENABLE_TESTABILITY = YES;
				GCC_C_LANGUAGE_STANDARD = gnu99;
				GCC_DYNAMIC_NO_PIC = NO;
				GCC_NO_COMMON_BLOCKS = YES;
				GCC_OPTIMIZATION_LEVEL = 0;
				GCC_PREPROCESSOR_DEFINITIONS = (
					"DEBUG=1",
					"$(inherited)",
				);
				GCC_WARN_64_TO_32_BIT_CONVERSION = YES;
				GCC_WARN_ABOUT_RETURN_TYPE = YES_ERROR;
				GCC_WARN_UNDECLARED_SELECTOR = YES;
				GCC_WARN_UNINITIALIZED_AUTOS = YES_AGGRESSIVE;
				GCC_WARN_UNUSED_FUNCTION = YES;
				GCC_WARN_UNUSED_VARIABLE = YES;
				IPHONEOS_DEPLOYMENT_TARGET = 10.3;
				MTL_ENABLE_DEBUG_INFO = YES;
				ONLY_ACTIVE_ARCH = YES;
				SDKROOT = iphoneos;
				SWIFT_ACTIVE_COMPILATION_CONDITIONS = DEBUG;
				SWIFT_OPTIMIZATION_LEVEL = "-Onone";
			};
			name = Debug;
		};
		C2D1B0B31F3BFD04003AE1FA /* Release */ = {
			isa = XCBuildConfiguration;
			buildSettings = {
				ALWAYS_SEARCH_USER_PATHS = NO;
				CLANG_ANALYZER_NONNULL = YES;
				CLANG_ANALYZER_NUMBER_OBJECT_CONVERSION = YES_AGGRESSIVE;
				CLANG_CXX_LANGUAGE_STANDARD = "gnu++0x";
				CLANG_CXX_LIBRARY = "libc++";
				CLANG_ENABLE_MODULES = YES;
				CLANG_ENABLE_OBJC_ARC = YES;
				CLANG_WARN_BOOL_CONVERSION = YES;
				CLANG_WARN_CONSTANT_CONVERSION = YES;
				CLANG_WARN_DIRECT_OBJC_ISA_USAGE = YES_ERROR;
				CLANG_WARN_DOCUMENTATION_COMMENTS = YES;
				CLANG_WARN_EMPTY_BODY = YES;
				CLANG_WARN_ENUM_CONVERSION = YES;
				CLANG_WARN_INFINITE_RECURSION = YES;
				CLANG_WARN_INT_CONVERSION = YES;
				CLANG_WARN_OBJC_ROOT_CLASS = YES_ERROR;
				CLANG_WARN_SUSPICIOUS_MOVE = YES;
				CLANG_WARN_UNREACHABLE_CODE = YES;
				CLANG_WARN__DUPLICATE_METHOD_MATCH = YES;
				"CODE_SIGN_IDENTITY[sdk=iphoneos*]" = "iPhone Developer";
				COPY_PHASE_STRIP = NO;
				DEBUG_INFORMATION_FORMAT = "dwarf-with-dsym";
				ENABLE_NS_ASSERTIONS = NO;
				ENABLE_STRICT_OBJC_MSGSEND = YES;
				GCC_C_LANGUAGE_STANDARD = gnu99;
				GCC_NO_COMMON_BLOCKS = YES;
				GCC_WARN_64_TO_32_BIT_CONVERSION = YES;
				GCC_WARN_ABOUT_RETURN_TYPE = YES_ERROR;
				GCC_WARN_UNDECLARED_SELECTOR = YES;
				GCC_WARN_UNINITIALIZED_AUTOS = YES_AGGRESSIVE;
				GCC_WARN_UNUSED_FUNCTION = YES;
				GCC_WARN_UNUSED_VARIABLE = YES;
				IPHONEOS_DEPLOYMENT_TARGET = 10.3;
				MTL_ENABLE_DEBUG_INFO = NO;
				SDKROOT = iphoneos;
				SWIFT_OPTIMIZATION_LEVEL = "-Owholemodule";
				VALIDATE_PRODUCT = YES;
			};
			name = Release;
		};
		C2D1B0B51F3BFD04003AE1FA /* Debug */ = {
			isa = XCBuildConfiguration;
			buildSettings = {
				ASSETCATALOG_COMPILER_APPICON_NAME = AppIcon;
				INFOPLIST_FILE = Selfigram/Info.plist;
				LD_RUNPATH_SEARCH_PATHS = "$(inherited) @executable_path/Frameworks";
				PRODUCT_BUNDLE_IDENTIFIER = com.akshmalik.Selfigram;
				PRODUCT_NAME = "$(TARGET_NAME)";
				SWIFT_VERSION = 3.0;
			};
			name = Debug;
		};
		C2D1B0B61F3BFD04003AE1FA /* Release */ = {
			isa = XCBuildConfiguration;
			buildSettings = {
				ASSETCATALOG_COMPILER_APPICON_NAME = AppIcon;
				INFOPLIST_FILE = Selfigram/Info.plist;
				LD_RUNPATH_SEARCH_PATHS = "$(inherited) @executable_path/Frameworks";
				PRODUCT_BUNDLE_IDENTIFIER = com.akshmalik.Selfigram;
				PRODUCT_NAME = "$(TARGET_NAME)";
				SWIFT_VERSION = 3.0;
			};
			name = Release;
		};
		C2D1B0B81F3BFD04003AE1FA /* Debug */ = {
			isa = XCBuildConfiguration;
			buildSettings = {
				ALWAYS_EMBED_SWIFT_STANDARD_LIBRARIES = YES;
				BUNDLE_LOADER = "$(TEST_HOST)";
				INFOPLIST_FILE = SelfigramTests/Info.plist;
				LD_RUNPATH_SEARCH_PATHS = "$(inherited) @executable_path/Frameworks @loader_path/Frameworks";
				PRODUCT_BUNDLE_IDENTIFIER = com.akshmalik.SelfigramTests;
				PRODUCT_NAME = "$(TARGET_NAME)";
				SWIFT_VERSION = 3.0;
				TEST_HOST = "$(BUILT_PRODUCTS_DIR)/Selfigram.app/Selfigram";
			};
			name = Debug;
		};
		C2D1B0B91F3BFD04003AE1FA /* Release */ = {
			isa = XCBuildConfiguration;
			buildSettings = {
				ALWAYS_EMBED_SWIFT_STANDARD_LIBRARIES = YES;
				BUNDLE_LOADER = "$(TEST_HOST)";
				INFOPLIST_FILE = SelfigramTests/Info.plist;
				LD_RUNPATH_SEARCH_PATHS = "$(inherited) @executable_path/Frameworks @loader_path/Frameworks";
				PRODUCT_BUNDLE_IDENTIFIER = com.akshmalik.SelfigramTests;
				PRODUCT_NAME = "$(TARGET_NAME)";
				SWIFT_VERSION = 3.0;
				TEST_HOST = "$(BUILT_PRODUCTS_DIR)/Selfigram.app/Selfigram";
			};
			name = Release;
		};
		C2D1B0BB1F3BFD04003AE1FA /* Debug */ = {
			isa = XCBuildConfiguration;
			buildSettings = {
				ALWAYS_EMBED_SWIFT_STANDARD_LIBRARIES = YES;
				INFOPLIST_FILE = SelfigramUITests/Info.plist;
				LD_RUNPATH_SEARCH_PATHS = "$(inherited) @executable_path/Frameworks @loader_path/Frameworks";
				PRODUCT_BUNDLE_IDENTIFIER = com.akshmalik.SelfigramUITests;
				PRODUCT_NAME = "$(TARGET_NAME)";
				SWIFT_VERSION = 3.0;
				TEST_TARGET_NAME = Selfigram;
			};
			name = Debug;
		};
		C2D1B0BC1F3BFD04003AE1FA /* Release */ = {
			isa = XCBuildConfiguration;
			buildSettings = {
				ALWAYS_EMBED_SWIFT_STANDARD_LIBRARIES = YES;
				INFOPLIST_FILE = SelfigramUITests/Info.plist;
				LD_RUNPATH_SEARCH_PATHS = "$(inherited) @executable_path/Frameworks @loader_path/Frameworks";
				PRODUCT_BUNDLE_IDENTIFIER = com.akshmalik.SelfigramUITests;
				PRODUCT_NAME = "$(TARGET_NAME)";
				SWIFT_VERSION = 3.0;
				TEST_TARGET_NAME = Selfigram;
			};
			name = Release;
		};
/* End XCBuildConfiguration section */

/* Begin XCConfigurationList section */
		C2D1B0871F3BFD03003AE1FA /* Build configuration list for PBXProject "Selfigram" */ = {
			isa = XCConfigurationList;
			buildConfigurations = (
				C2D1B0B21F3BFD04003AE1FA /* Debug */,
				C2D1B0B31F3BFD04003AE1FA /* Release */,
			);
			defaultConfigurationIsVisible = 0;
			defaultConfigurationName = Release;
		};
		C2D1B0B41F3BFD04003AE1FA /* Build configuration list for PBXNativeTarget "Selfigram" */ = {
			isa = XCConfigurationList;
			buildConfigurations = (
				C2D1B0B51F3BFD04003AE1FA /* Debug */,
				C2D1B0B61F3BFD04003AE1FA /* Release */,
			);
			defaultConfigurationIsVisible = 0;
			defaultConfigurationName = Release;
		};
		C2D1B0B71F3BFD04003AE1FA /* Build configuration list for PBXNativeTarget "SelfigramTests" */ = {
			isa = XCConfigurationList;
			buildConfigurations = (
				C2D1B0B81F3BFD04003AE1FA /* Debug */,
				C2D1B0B91F3BFD04003AE1FA /* Release */,
			);
			defaultConfigurationIsVisible = 0;
			defaultConfigurationName = Release;
		};
		C2D1B0BA1F3BFD04003AE1FA /* Build configuration list for PBXNativeTarget "SelfigramUITests" */ = {
			isa = XCConfigurationList;
			buildConfigurations = (
				C2D1B0BB1F3BFD04003AE1FA /* Debug */,
				C2D1B0BC1F3BFD04003AE1FA /* Release */,
			);
			defaultConfigurationIsVisible = 0;
			defaultConfigurationName = Release;
		};
/* End XCConfigurationList section */
	};
	rootObject = C2D1B0841F3BFD03003AE1FA /* Project object */;
}
